// !$*UTF8*$!
{
	archiveVersion = 1;
	classes = {
	};
	objectVersion = 56;
	objects = {

/* Begin PBXBuildFile section */
		36EE67082CD4D6C100B7E736 /* AppDelegate.m in Sources */ = {isa = PBXBuildFile; fileRef = 36EE67072CD4D6C100B7E736 /* AppDelegate.m */; };
		36EE670B2CD4D6C100B7E736 /* SceneDelegate.m in Sources */ = {isa = PBXBuildFile; fileRef = 36EE670A2CD4D6C100B7E736 /* SceneDelegate.m */; };
		36EE670E2CD4D6C100B7E736 /* ViewController.m in Sources */ = {isa = PBXBuildFile; fileRef = 36EE670D2CD4D6C100B7E736 /* ViewController.m */; };
		36EE67112CD4D6C100B7E736 /* Base in Resources */ = {isa = PBXBuildFile; fileRef = 36EE67102CD4D6C100B7E736 /* Base */; };
		36EE67132CD4D6C300B7E736 /* Assets.xcassets in Resources */ = {isa = PBXBuildFile; fileRef = 36EE67122CD4D6C300B7E736 /* Assets.xcassets */; };
		36EE67162CD4D6C300B7E736 /* Base in Resources */ = {isa = PBXBuildFile; fileRef = 36EE67152CD4D6C300B7E736 /* Base */; };
		36EE67192CD4D6C300B7E736 /* main.m in Sources */ = {isa = PBXBuildFile; fileRef = 36EE67182CD4D6C300B7E736 /* main.m */; };
		36EE67232CD4D6C300B7E736 /* OneKeyBleDemoTests.m in Sources */ = {isa = PBXBuildFile; fileRef = 36EE67222CD4D6C300B7E736 /* OneKeyBleDemoTests.m */; };
		36EE672D2CD4D6C300B7E736 /* OneKeyBleDemoUITests.m in Sources */ = {isa = PBXBuildFile; fileRef = 36EE672C2CD4D6C300B7E736 /* OneKeyBleDemoUITests.m */; };
		36EE672F2CD4D6C300B7E736 /* OneKeyBleDemoUITestsLaunchTests.m in Sources */ = {isa = PBXBuildFile; fileRef = 36EE672E2CD4D6C300B7E736 /* OneKeyBleDemoUITestsLaunchTests.m */; };
/* End PBXBuildFile section */

/* Begin PBXContainerItemProxy section */
		36EE671F2CD4D6C300B7E736 /* PBXContainerItemProxy */ = {
			isa = PBXContainerItemProxy;
			containerPortal = 36EE66FB2CD4D6C100B7E736 /* Project object */;
			proxyType = 1;
			remoteGlobalIDString = 36EE67022CD4D6C100B7E736;
			remoteInfo = OneKeyBleDemo;
		};
		36EE67292CD4D6C300B7E736 /* PBXContainerItemProxy */ = {
			isa = PBXContainerItemProxy;
			containerPortal = 36EE66FB2CD4D6C100B7E736 /* Project object */;
			proxyType = 1;
			remoteGlobalIDString = 36EE67022CD4D6C100B7E736;
			remoteInfo = OneKeyBleDemo;
		};
/* End PBXContainerItemProxy section */

/* Begin PBXFileReference section */
		36EE67032CD4D6C100B7E736 /* OneKeyBleDemo.app */ = {isa = PBXFileReference; explicitFileType = wrapper.application; includeInIndex = 0; path = OneKeyBleDemo.app; sourceTree = BUILT_PRODUCTS_DIR; };
		36EE67062CD4D6C100B7E736 /* AppDelegate.h */ = {isa = PBXFileReference; lastKnownFileType = sourcecode.c.h; path = AppDelegate.h; sourceTree = "<group>"; };
		36EE67072CD4D6C100B7E736 /* AppDelegate.m */ = {isa = PBXFileReference; lastKnownFileType = sourcecode.c.objc; path = AppDelegate.m; sourceTree = "<group>"; };
		36EE67092CD4D6C100B7E736 /* SceneDelegate.h */ = {isa = PBXFileReference; lastKnownFileType = sourcecode.c.h; path = SceneDelegate.h; sourceTree = "<group>"; };
		36EE670A2CD4D6C100B7E736 /* SceneDelegate.m */ = {isa = PBXFileReference; lastKnownFileType = sourcecode.c.objc; path = SceneDelegate.m; sourceTree = "<group>"; };
		36EE670C2CD4D6C100B7E736 /* ViewController.h */ = {isa = PBXFileReference; lastKnownFileType = sourcecode.c.h; path = ViewController.h; sourceTree = "<group>"; };
		36EE670D2CD4D6C100B7E736 /* ViewController.m */ = {isa = PBXFileReference; lastKnownFileType = sourcecode.c.objc; path = ViewController.m; sourceTree = "<group>"; };
		36EE67102CD4D6C100B7E736 /* Base */ = {isa = PBXFileReference; lastKnownFileType = file.storyboard; name = Base; path = Base.lproj/Main.storyboard; sourceTree = "<group>"; };
		36EE67122CD4D6C300B7E736 /* Assets.xcassets */ = {isa = PBXFileReference; lastKnownFileType = folder.assetcatalog; path = Assets.xcassets; sourceTree = "<group>"; };
		36EE67152CD4D6C300B7E736 /* Base */ = {isa = PBXFileReference; lastKnownFileType = file.storyboard; name = Base; path = Base.lproj/LaunchScreen.storyboard; sourceTree = "<group>"; };
		36EE67172CD4D6C300B7E736 /* Info.plist */ = {isa = PBXFileReference; lastKnownFileType = text.plist.xml; path = Info.plist; sourceTree = "<group>"; };
		36EE67182CD4D6C300B7E736 /* main.m */ = {isa = PBXFileReference; lastKnownFileType = sourcecode.c.objc; path = main.m; sourceTree = "<group>"; };
		36EE671E2CD4D6C300B7E736 /* OneKeyBleDemoTests.xctest */ = {isa = PBXFileReference; explicitFileType = wrapper.cfbundle; includeInIndex = 0; path = OneKeyBleDemoTests.xctest; sourceTree = BUILT_PRODUCTS_DIR; };
		36EE67222CD4D6C300B7E736 /* OneKeyBleDemoTests.m */ = {isa = PBXFileReference; lastKnownFileType = sourcecode.c.objc; path = OneKeyBleDemoTests.m; sourceTree = "<group>"; };
		36EE67282CD4D6C300B7E736 /* OneKeyBleDemoUITests.xctest */ = {isa = PBXFileReference; explicitFileType = wrapper.cfbundle; includeInIndex = 0; path = OneKeyBleDemoUITests.xctest; sourceTree = BUILT_PRODUCTS_DIR; };
		36EE672C2CD4D6C300B7E736 /* OneKeyBleDemoUITests.m */ = {isa = PBXFileReference; lastKnownFileType = sourcecode.c.objc; path = OneKeyBleDemoUITests.m; sourceTree = "<group>"; };
		36EE672E2CD4D6C300B7E736 /* OneKeyBleDemoUITestsLaunchTests.m */ = {isa = PBXFileReference; lastKnownFileType = sourcecode.c.objc; path = OneKeyBleDemoUITestsLaunchTests.m; sourceTree = "<group>"; };
/* End PBXFileReference section */

/* Begin PBXFrameworksBuildPhase section */
		36EE67002CD4D6C100B7E736 /* Frameworks */ = {
			isa = PBXFrameworksBuildPhase;
			buildActionMask = 2147483647;
			files = (
			);
			runOnlyForDeploymentPostprocessing = 0;
		};
		36EE671B2CD4D6C300B7E736 /* Frameworks */ = {
			isa = PBXFrameworksBuildPhase;
			buildActionMask = 2147483647;
			files = (
			);
			runOnlyForDeploymentPostprocessing = 0;
		};
		36EE67252CD4D6C300B7E736 /* Frameworks */ = {
			isa = PBXFrameworksBuildPhase;
			buildActionMask = 2147483647;
			files = (
			);
			runOnlyForDeploymentPostprocessing = 0;
		};
/* End PBXFrameworksBuildPhase section */

/* Begin PBXGroup section */
		36EE66FA2CD4D6C100B7E736 = {
			isa = PBXGroup;
			children = (
				36EE67052CD4D6C100B7E736 /* OneKeyBleDemo */,
				36EE67212CD4D6C300B7E736 /* OneKeyBleDemoTests */,
				36EE672B2CD4D6C300B7E736 /* OneKeyBleDemoUITests */,
				36EE67042CD4D6C100B7E736 /* Products */,
			);
			sourceTree = "<group>";
		};
		36EE67042CD4D6C100B7E736 /* Products */ = {
			isa = PBXGroup;
			children = (
				36EE67032CD4D6C100B7E736 /* OneKeyBleDemo.app */,
				36EE671E2CD4D6C300B7E736 /* OneKeyBleDemoTests.xctest */,
				36EE67282CD4D6C300B7E736 /* OneKeyBleDemoUITests.xctest */,
			);
			name = Products;
			sourceTree = "<group>";
		};
		36EE67052CD4D6C100B7E736 /* OneKeyBleDemo */ = {
			isa = PBXGroup;
			children = (
				36EE67062CD4D6C100B7E736 /* AppDelegate.h */,
				36EE67072CD4D6C100B7E736 /* AppDelegate.m */,
				36EE67092CD4D6C100B7E736 /* SceneDelegate.h */,
				36EE670A2CD4D6C100B7E736 /* SceneDelegate.m */,
				36EE670C2CD4D6C100B7E736 /* ViewController.h */,
				36EE670D2CD4D6C100B7E736 /* ViewController.m */,
				36EE670F2CD4D6C100B7E736 /* Main.storyboard */,
				36EE67122CD4D6C300B7E736 /* Assets.xcassets */,
				36EE67142CD4D6C300B7E736 /* LaunchScreen.storyboard */,
				36EE67172CD4D6C300B7E736 /* Info.plist */,
				36EE67182CD4D6C300B7E736 /* main.m */,
			);
			path = OneKeyBleDemo;
			sourceTree = "<group>";
		};
		36EE67212CD4D6C300B7E736 /* OneKeyBleDemoTests */ = {
			isa = PBXGroup;
			children = (
				36EE67222CD4D6C300B7E736 /* OneKeyBleDemoTests.m */,
			);
			path = OneKeyBleDemoTests;
			sourceTree = "<group>";
		};
		36EE672B2CD4D6C300B7E736 /* OneKeyBleDemoUITests */ = {
			isa = PBXGroup;
			children = (
				36EE672C2CD4D6C300B7E736 /* OneKeyBleDemoUITests.m */,
				36EE672E2CD4D6C300B7E736 /* OneKeyBleDemoUITestsLaunchTests.m */,
			);
			path = OneKeyBleDemoUITests;
			sourceTree = "<group>";
		};
/* End PBXGroup section */

/* Begin PBXNativeTarget section */
		36EE67022CD4D6C100B7E736 /* OneKeyBleDemo */ = {
			isa = PBXNativeTarget;
			buildConfigurationList = 36EE67322CD4D6C300B7E736 /* Build configuration list for PBXNativeTarget "OneKeyBleDemo" */;
			buildPhases = (
				36EE66FF2CD4D6C100B7E736 /* Sources */,
				36EE67002CD4D6C100B7E736 /* Frameworks */,
				36EE67012CD4D6C100B7E736 /* Resources */,
			);
			buildRules = (
			);
			dependencies = (
			);
			name = OneKeyBleDemo;
			productName = OneKeyBleDemo;
			productReference = 36EE67032CD4D6C100B7E736 /* OneKeyBleDemo.app */;
			productType = "com.apple.product-type.application";
		};
		36EE671D2CD4D6C300B7E736 /* OneKeyBleDemoTests */ = {
			isa = PBXNativeTarget;
			buildConfigurationList = 36EE67352CD4D6C300B7E736 /* Build configuration list for PBXNativeTarget "OneKeyBleDemoTests" */;
			buildPhases = (
				36EE671A2CD4D6C300B7E736 /* Sources */,
				36EE671B2CD4D6C300B7E736 /* Frameworks */,
				36EE671C2CD4D6C300B7E736 /* Resources */,
			);
			buildRules = (
			);
			dependencies = (
				36EE67202CD4D6C300B7E736 /* PBXTargetDependency */,
			);
			name = OneKeyBleDemoTests;
			productName = OneKeyBleDemoTests;
			productReference = 36EE671E2CD4D6C300B7E736 /* OneKeyBleDemoTests.xctest */;
			productType = "com.apple.product-type.bundle.unit-test";
		};
		36EE67272CD4D6C300B7E736 /* OneKeyBleDemoUITests */ = {
			isa = PBXNativeTarget;
			buildConfigurationList = 36EE67382CD4D6C300B7E736 /* Build configuration list for PBXNativeTarget "OneKeyBleDemoUITests" */;
			buildPhases = (
				36EE67242CD4D6C300B7E736 /* Sources */,
				36EE67252CD4D6C300B7E736 /* Frameworks */,
				36EE67262CD4D6C300B7E736 /* Resources */,
			);
			buildRules = (
			);
			dependencies = (
				36EE672A2CD4D6C300B7E736 /* PBXTargetDependency */,
			);
			name = OneKeyBleDemoUITests;
			productName = OneKeyBleDemoUITests;
			productReference = 36EE67282CD4D6C300B7E736 /* OneKeyBleDemoUITests.xctest */;
			productType = "com.apple.product-type.bundle.ui-testing";
		};
/* End PBXNativeTarget section */

/* Begin PBXProject section */
		36EE66FB2CD4D6C100B7E736 /* Project object */ = {
			isa = PBXProject;
			attributes = {
				BuildIndependentTargetsInParallel = 1;
				LastUpgradeCheck = 1540;
				TargetAttributes = {
					36EE67022CD4D6C100B7E736 = {
						CreatedOnToolsVersion = 15.4;
					};
					36EE671D2CD4D6C300B7E736 = {
						CreatedOnToolsVersion = 15.4;
						TestTargetID = 36EE67022CD4D6C100B7E736;
					};
					36EE67272CD4D6C300B7E736 = {
						CreatedOnToolsVersion = 15.4;
						TestTargetID = 36EE67022CD4D6C100B7E736;
					};
				};
			};
			buildConfigurationList = 36EE66FE2CD4D6C100B7E736 /* Build configuration list for PBXProject "OneKeyBleDemo" */;
			compatibilityVersion = "Xcode 14.0";
			developmentRegion = en;
			hasScannedForEncodings = 0;
			knownRegions = (
				en,
				Base,
			);
			mainGroup = 36EE66FA2CD4D6C100B7E736;
			productRefGroup = 36EE67042CD4D6C100B7E736 /* Products */;
			projectDirPath = "";
			projectRoot = "";
			targets = (
				36EE67022CD4D6C100B7E736 /* OneKeyBleDemo */,
				36EE671D2CD4D6C300B7E736 /* OneKeyBleDemoTests */,
				36EE67272CD4D6C300B7E736 /* OneKeyBleDemoUITests */,
			);
		};
/* End PBXProject section */

/* Begin PBXResourcesBuildPhase section */
		36EE67012CD4D6C100B7E736 /* Resources */ = {
			isa = PBXResourcesBuildPhase;
			buildActionMask = 2147483647;
			files = (
				36EE67132CD4D6C300B7E736 /* Assets.xcassets in Resources */,
				36EE67162CD4D6C300B7E736 /* Base in Resources */,
				36EE67112CD4D6C100B7E736 /* Base in Resources */,
			);
			runOnlyForDeploymentPostprocessing = 0;
		};
		36EE671C2CD4D6C300B7E736 /* Resources */ = {
			isa = PBXResourcesBuildPhase;
			buildActionMask = 2147483647;
			files = (
			);
			runOnlyForDeploymentPostprocessing = 0;
		};
		36EE67262CD4D6C300B7E736 /* Resources */ = {
			isa = PBXResourcesBuildPhase;
			buildActionMask = 2147483647;
			files = (
			);
			runOnlyForDeploymentPostprocessing = 0;
		};
/* End PBXResourcesBuildPhase section */

/* Begin PBXSourcesBuildPhase section */
		36EE66FF2CD4D6C100B7E736 /* Sources */ = {
			isa = PBXSourcesBuildPhase;
			buildActionMask = 2147483647;
			files = (
				36EE670E2CD4D6C100B7E736 /* ViewController.m in Sources */,
				36EE67082CD4D6C100B7E736 /* AppDelegate.m in Sources */,
				36EE67192CD4D6C300B7E736 /* main.m in Sources */,
				36EE670B2CD4D6C100B7E736 /* SceneDelegate.m in Sources */,
			);
			runOnlyForDeploymentPostprocessing = 0;
		};
		36EE671A2CD4D6C300B7E736 /* Sources */ = {
			isa = PBXSourcesBuildPhase;
			buildActionMask = 2147483647;
			files = (
				36EE67232CD4D6C300B7E736 /* OneKeyBleDemoTests.m in Sources */,
			);
			runOnlyForDeploymentPostprocessing = 0;
		};
		36EE67242CD4D6C300B7E736 /* Sources */ = {
			isa = PBXSourcesBuildPhase;
			buildActionMask = 2147483647;
			files = (
				36EE672F2CD4D6C300B7E736 /* OneKeyBleDemoUITestsLaunchTests.m in Sources */,
				36EE672D2CD4D6C300B7E736 /* OneKeyBleDemoUITests.m in Sources */,
			);
			runOnlyForDeploymentPostprocessing = 0;
		};
/* End PBXSourcesBuildPhase section */

/* Begin PBXTargetDependency section */
		36EE67202CD4D6C300B7E736 /* PBXTargetDependency */ = {
			isa = PBXTargetDependency;
			target = 36EE67022CD4D6C100B7E736 /* OneKeyBleDemo */;
			targetProxy = 36EE671F2CD4D6C300B7E736 /* PBXContainerItemProxy */;
		};
		36EE672A2CD4D6C300B7E736 /* PBXTargetDependency */ = {
			isa = PBXTargetDependency;
			target = 36EE67022CD4D6C100B7E736 /* OneKeyBleDemo */;
			targetProxy = 36EE67292CD4D6C300B7E736 /* PBXContainerItemProxy */;
		};
/* End PBXTargetDependency section */

/* Begin PBXVariantGroup section */
		36EE670F2CD4D6C100B7E736 /* Main.storyboard */ = {
			isa = PBXVariantGroup;
			children = (
				36EE67102CD4D6C100B7E736 /* Base */,
			);
			name = Main.storyboard;
			sourceTree = "<group>";
		};
		36EE67142CD4D6C300B7E736 /* LaunchScreen.storyboard */ = {
			isa = PBXVariantGroup;
			children = (
				36EE67152CD4D6C300B7E736 /* Base */,
			);
			name = LaunchScreen.storyboard;
			sourceTree = "<group>";
		};
/* End PBXVariantGroup section */

/* Begin XCBuildConfiguration section */
		36EE67302CD4D6C300B7E736 /* Debug */ = {
			isa = XCBuildConfiguration;
			buildSettings = {
				ALWAYS_SEARCH_USER_PATHS = NO;
				ASSETCATALOG_COMPILER_GENERATE_SWIFT_ASSET_SYMBOL_EXTENSIONS = YES;
				CLANG_ANALYZER_NONNULL = YES;
				CLANG_ANALYZER_NUMBER_OBJECT_CONVERSION = YES_AGGRESSIVE;
				CLANG_CXX_LANGUAGE_STANDARD = "gnu++20";
				CLANG_ENABLE_MODULES = YES;
				CLANG_ENABLE_OBJC_ARC = YES;
				CLANG_ENABLE_OBJC_WEAK = YES;
				CLANG_WARN_BLOCK_CAPTURE_AUTORELEASING = YES;
				CLANG_WARN_BOOL_CONVERSION = YES;
				CLANG_WARN_COMMA = YES;
				CLANG_WARN_CONSTANT_CONVERSION = YES;
				CLANG_WARN_DEPRECATED_OBJC_IMPLEMENTATIONS = YES;
				CLANG_WARN_DIRECT_OBJC_ISA_USAGE = YES_ERROR;
				CLANG_WARN_DOCUMENTATION_COMMENTS = YES;
				CLANG_WARN_EMPTY_BODY = YES;
				CLANG_WARN_ENUM_CONVERSION = YES;
				CLANG_WARN_INFINITE_RECURSION = YES;
				CLANG_WARN_INT_CONVERSION = YES;
				CLANG_WARN_NON_LITERAL_NULL_CONVERSION = YES;
				CLANG_WARN_OBJC_IMPLICIT_RETAIN_SELF = YES;
				CLANG_WARN_OBJC_LITERAL_CONVERSION = YES;
				CLANG_WARN_OBJC_ROOT_CLASS = YES_ERROR;
				CLANG_WARN_QUOTED_INCLUDE_IN_FRAMEWORK_HEADER = YES;
				CLANG_WARN_RANGE_LOOP_ANALYSIS = YES;
				CLANG_WARN_STRICT_PROTOTYPES = YES;
				CLANG_WARN_SUSPICIOUS_MOVE = YES;
				CLANG_WARN_UNGUARDED_AVAILABILITY = YES_AGGRESSIVE;
				CLANG_WARN_UNREACHABLE_CODE = YES;
				CLANG_WARN__DUPLICATE_METHOD_MATCH = YES;
				COPY_PHASE_STRIP = NO;
				DEBUG_INFORMATION_FORMAT = dwarf;
				ENABLE_STRICT_OBJC_MSGSEND = YES;
				ENABLE_TESTABILITY = YES;
				ENABLE_USER_SCRIPT_SANDBOXING = YES;
				GCC_C_LANGUAGE_STANDARD = gnu17;
				GCC_DYNAMIC_NO_PIC = NO;
				GCC_NO_COMMON_BLOCKS = YES;
				GCC_OPTIMIZATION_LEVEL = 0;
				GCC_PREPROCESSOR_DEFINITIONS = (
					"DEBUG=1",
					"$(inherited)",
				);
				GCC_WARN_64_TO_32_BIT_CONVERSION = YES;
				GCC_WARN_ABOUT_RETURN_TYPE = YES_ERROR;
				GCC_WARN_UNDECLARED_SELECTOR = YES;
				GCC_WARN_UNINITIALIZED_AUTOS = YES_AGGRESSIVE;
				GCC_WARN_UNUSED_FUNCTION = YES;
				GCC_WARN_UNUSED_VARIABLE = YES;
				IPHONEOS_DEPLOYMENT_TARGET = 17.5;
				LOCALIZATION_PREFERS_STRING_CATALOGS = YES;
				MTL_ENABLE_DEBUG_INFO = INCLUDE_SOURCE;
				MTL_FAST_MATH = YES;
				ONLY_ACTIVE_ARCH = YES;
				SDKROOT = iphoneos;
			};
			name = Debug;
		};
		36EE67312CD4D6C300B7E736 /* Release */ = {
			isa = XCBuildConfiguration;
			buildSettings = {
				ALWAYS_SEARCH_USER_PATHS = NO;
				ASSETCATALOG_COMPILER_GENERATE_SWIFT_ASSET_SYMBOL_EXTENSIONS = YES;
				CLANG_ANALYZER_NONNULL = YES;
				CLANG_ANALYZER_NUMBER_OBJECT_CONVERSION = YES_AGGRESSIVE;
				CLANG_CXX_LANGUAGE_STANDARD = "gnu++20";
				CLANG_ENABLE_MODULES = YES;
				CLANG_ENABLE_OBJC_ARC = YES;
				CLANG_ENABLE_OBJC_WEAK = YES;
				CLANG_WARN_BLOCK_CAPTURE_AUTORELEASING = YES;
				CLANG_WARN_BOOL_CONVERSION = YES;
				CLANG_WARN_COMMA = YES;
				CLANG_WARN_CONSTANT_CONVERSION = YES;
				CLANG_WARN_DEPRECATED_OBJC_IMPLEMENTATIONS = YES;
				CLANG_WARN_DIRECT_OBJC_ISA_USAGE = YES_ERROR;
				CLANG_WARN_DOCUMENTATION_COMMENTS = YES;
				CLANG_WARN_EMPTY_BODY = YES;
				CLANG_WARN_ENUM_CONVERSION = YES;
				CLANG_WARN_INFINITE_RECURSION = YES;
				CLANG_WARN_INT_CONVERSION = YES;
				CLANG_WARN_NON_LITERAL_NULL_CONVERSION = YES;
				CLANG_WARN_OBJC_IMPLICIT_RETAIN_SELF = YES;
				CLANG_WARN_OBJC_LITERAL_CONVERSION = YES;
				CLANG_WARN_OBJC_ROOT_CLASS = YES_ERROR;
				CLANG_WARN_QUOTED_INCLUDE_IN_FRAMEWORK_HEADER = YES;
				CLANG_WARN_RANGE_LOOP_ANALYSIS = YES;
				CLANG_WARN_STRICT_PROTOTYPES = YES;
				CLANG_WARN_SUSPICIOUS_MOVE = YES;
				CLANG_WARN_UNGUARDED_AVAILABILITY = YES_AGGRESSIVE;
				CLANG_WARN_UNREACHABLE_CODE = YES;
				CLANG_WARN__DUPLICATE_METHOD_MATCH = YES;
				COPY_PHASE_STRIP = NO;
				DEBUG_INFORMATION_FORMAT = "dwarf-with-dsym";
				ENABLE_NS_ASSERTIONS = NO;
				ENABLE_STRICT_OBJC_MSGSEND = YES;
				ENABLE_USER_SCRIPT_SANDBOXING = YES;
				GCC_C_LANGUAGE_STANDARD = gnu17;
				GCC_NO_COMMON_BLOCKS = YES;
				GCC_WARN_64_TO_32_BIT_CONVERSION = YES;
				GCC_WARN_ABOUT_RETURN_TYPE = YES_ERROR;
				GCC_WARN_UNDECLARED_SELECTOR = YES;
				GCC_WARN_UNINITIALIZED_AUTOS = YES_AGGRESSIVE;
				GCC_WARN_UNUSED_FUNCTION = YES;
				GCC_WARN_UNUSED_VARIABLE = YES;
				IPHONEOS_DEPLOYMENT_TARGET = 17.5;
				LOCALIZATION_PREFERS_STRING_CATALOGS = YES;
				MTL_ENABLE_DEBUG_INFO = NO;
				MTL_FAST_MATH = YES;
				SDKROOT = iphoneos;
				VALIDATE_PRODUCT = YES;
			};
			name = Release;
		};
		36EE67332CD4D6C300B7E736 /* Debug */ = {
			isa = XCBuildConfiguration;
			buildSettings = {
				ASSETCATALOG_COMPILER_APPICON_NAME = AppIcon;
				ASSETCATALOG_COMPILER_GLOBAL_ACCENT_COLOR_NAME = AccentColor;
				CODE_SIGN_STYLE = Automatic;
				CURRENT_PROJECT_VERSION = 1;
				DEVELOPMENT_TEAM = JPHDF3AUJB;
				GENERATE_INFOPLIST_FILE = YES;
				INFOPLIST_FILE = OneKeyBleDemo/Info.plist;
				INFOPLIST_KEY_UIApplicationSupportsIndirectInputEvents = YES;
				INFOPLIST_KEY_UILaunchStoryboardName = LaunchScreen;
				INFOPLIST_KEY_UIMainStoryboardFile = Main;
				INFOPLIST_KEY_UISupportedInterfaceOrientations_iPad = "UIInterfaceOrientationPortrait UIInterfaceOrientationPortraitUpsideDown UIInterfaceOrientationLandscapeLeft UIInterfaceOrientationLandscapeRight";
				INFOPLIST_KEY_UISupportedInterfaceOrientations_iPhone = "UIInterfaceOrientationPortrait UIInterfaceOrientationLandscapeLeft UIInterfaceOrientationLandscapeRight";
				LD_RUNPATH_SEARCH_PATHS = (
					"$(inherited)",
					"@executable_path/Frameworks",
				);
				MARKETING_VERSION = 1.0;
				PRODUCT_BUNDLE_IDENTIFIER = BVJ3FU5H2K.OneKeyBleDemo;
				PRODUCT_NAME = "$(TARGET_NAME)";
				SWIFT_EMIT_LOC_STRINGS = YES;
				TARGETED_DEVICE_FAMILY = "1,2";
			};
			name = Debug;
		};
		36EE67342CD4D6C300B7E736 /* Release */ = {
			isa = XCBuildConfiguration;
			buildSettings = {
				ASSETCATALOG_COMPILER_APPICON_NAME = AppIcon;
				ASSETCATALOG_COMPILER_GLOBAL_ACCENT_COLOR_NAME = AccentColor;
				CODE_SIGN_STYLE = Automatic;
				CURRENT_PROJECT_VERSION = 1;
				DEVELOPMENT_TEAM = JPHDF3AUJB;
				GENERATE_INFOPLIST_FILE = YES;
				INFOPLIST_FILE = OneKeyBleDemo/Info.plist;
				INFOPLIST_KEY_UIApplicationSupportsIndirectInputEvents = YES;
				INFOPLIST_KEY_UILaunchStoryboardName = LaunchScreen;
				INFOPLIST_KEY_UIMainStoryboardFile = Main;
				INFOPLIST_KEY_UISupportedInterfaceOrientations_iPad = "UIInterfaceOrientationPortrait UIInterfaceOrientationPortraitUpsideDown UIInterfaceOrientationLandscapeLeft UIInterfaceOrientationLandscapeRight";
				INFOPLIST_KEY_UISupportedInterfaceOrientations_iPhone = "UIInterfaceOrientationPortrait UIInterfaceOrientationLandscapeLeft UIInterfaceOrientationLandscapeRight";
				LD_RUNPATH_SEARCH_PATHS = (
					"$(inherited)",
					"@executable_path/Frameworks",
				);
				MARKETING_VERSION = 1.0;
				PRODUCT_BUNDLE_IDENTIFIER = BVJ3FU5H2K.OneKeyBleDemo;
				PRODUCT_NAME = "$(TARGET_NAME)";
				SWIFT_EMIT_LOC_STRINGS = YES;
				TARGETED_DEVICE_FAMILY = "1,2";
			};
			name = Release;
		};
		36EE67362CD4D6C300B7E736 /* Debug */ = {
			isa = XCBuildConfiguration;
			buildSettings = {
				BUNDLE_LOADER = "$(TEST_HOST)";
				CODE_SIGN_STYLE = Automatic;
				CURRENT_PROJECT_VERSION = 1;
				DEVELOPMENT_TEAM = JPHDF3AUJB;
				GENERATE_INFOPLIST_FILE = YES;
				IPHONEOS_DEPLOYMENT_TARGET = 17.5;
				MARKETING_VERSION = 1.0;
				PRODUCT_BUNDLE_IDENTIFIER = BVJ3FU5H2K.OneKeyBleDemoTests;
				PRODUCT_NAME = "$(TARGET_NAME)";
				SWIFT_EMIT_LOC_STRINGS = NO;
				TARGETED_DEVICE_FAMILY = "1,2";
				TEST_HOST = "$(BUILT_PRODUCTS_DIR)/OneKeyBleDemo.app/$(BUNDLE_EXECUTABLE_FOLDER_PATH)/OneKeyBleDemo";
			};
			name = Debug;
		};
		36EE67372CD4D6C300B7E736 /* Release */ = {
			isa = XCBuildConfiguration;
			buildSettings = {
				BUNDLE_LOADER = "$(TEST_HOST)";
				CODE_SIGN_STYLE = Automatic;
				CURRENT_PROJECT_VERSION = 1;
				DEVELOPMENT_TEAM = JPHDF3AUJB;
				GENERATE_INFOPLIST_FILE = YES;
				IPHONEOS_DEPLOYMENT_TARGET = 17.5;
				MARKETING_VERSION = 1.0;
				PRODUCT_BUNDLE_IDENTIFIER = BVJ3FU5H2K.OneKeyBleDemoTests;
				PRODUCT_NAME = "$(TARGET_NAME)";
				SWIFT_EMIT_LOC_STRINGS = NO;
				TARGETED_DEVICE_FAMILY = "1,2";
				TEST_HOST = "$(BUILT_PRODUCTS_DIR)/OneKeyBleDemo.app/$(BUNDLE_EXECUTABLE_FOLDER_PATH)/OneKeyBleDemo";
			};
			name = Release;
		};
		36EE67392CD4D6C300B7E736 /* Debug */ = {
			isa = XCBuildConfiguration;
			buildSettings = {
				CODE_SIGN_STYLE = Automatic;
				CURRENT_PROJECT_VERSION = 1;
				DEVELOPMENT_TEAM = JPHDF3AUJB;
				GENERATE_INFOPLIST_FILE = YES;
				MARKETING_VERSION = 1.0;
				PRODUCT_BUNDLE_IDENTIFIER = BVJ3FU5H2K.OneKeyBleDemoUITests;
				PRODUCT_NAME = "$(TARGET_NAME)";
				SWIFT_EMIT_LOC_STRINGS = NO;
				TARGETED_DEVICE_FAMILY = "1,2";
				TEST_TARGET_NAME = OneKeyBleDemo;
			};
			name = Debug;
		};
		36EE673A2CD4D6C300B7E736 /* Release */ = {
			isa = XCBuildConfiguration;
			buildSettings = {
				CODE_SIGN_STYLE = Automatic;
				CURRENT_PROJECT_VERSION = 1;
				DEVELOPMENT_TEAM = JPHDF3AUJB;
				GENERATE_INFOPLIST_FILE = YES;
				MARKETING_VERSION = 1.0;
				PRODUCT_BUNDLE_IDENTIFIER = BVJ3FU5H2K.OneKeyBleDemoUITests;
				PRODUCT_NAME = "$(TARGET_NAME)";
				SWIFT_EMIT_LOC_STRINGS = NO;
				TARGETED_DEVICE_FAMILY = "1,2";
				TEST_TARGET_NAME = OneKeyBleDemo;
			};
			name = Release;
		};
/* End XCBuildConfiguration section */

/* Begin XCConfigurationList section */
		36EE66FE2CD4D6C100B7E736 /* Build configuration list for PBXProject "OneKeyBleDemo" */ = {
			isa = XCConfigurationList;
			buildConfigurations = (
				36EE67302CD4D6C300B7E736 /* Debug */,
				36EE67312CD4D6C300B7E736 /* Release */,
			);
			defaultConfigurationIsVisible = 0;
			defaultConfigurationName = Release;
		};
		36EE67322CD4D6C300B7E736 /* Build configuration list for PBXNativeTarget "OneKeyBleDemo" */ = {
			isa = XCConfigurationList;
			buildConfigurations = (
				36EE67332CD4D6C300B7E736 /* Debug */,
				36EE67342CD4D6C300B7E736 /* Release */,
			);
			defaultConfigurationIsVisible = 0;
			defaultConfigurationName = Release;
		};
		36EE67352CD4D6C300B7E736 /* Build configuration list for PBXNativeTarget "OneKeyBleDemoTests" */ = {
			isa = XCConfigurationList;
			buildConfigurations = (
				36EE67362CD4D6C300B7E736 /* Debug */,
				36EE67372CD4D6C300B7E736 /* Release */,
			);
			defaultConfigurationIsVisible = 0;
			defaultConfigurationName = Release;
		};
		36EE67382CD4D6C300B7E736 /* Build configuration list for PBXNativeTarget "OneKeyBleDemoUITests" */ = {
			isa = XCConfigurationList;
			buildConfigurations = (
				36EE67392CD4D6C300B7E736 /* Debug */,
				36EE673A2CD4D6C300B7E736 /* Release */,
			);
			defaultConfigurationIsVisible = 0;
			defaultConfigurationName = Release;
		};
/* End XCConfigurationList section */
	};
	rootObject = 36EE66FB2CD4D6C100B7E736 /* Project object */;
}
